
Microsoft Visual Studio Solution File, Format Version 12.00
# Visual Studio Version 17
VisualStudioVersion = 17.13.35913.81 d17.13
MinimumVisualStudioVersion = 10.0.40219.1
Project("{FAE04EC0-301F-11D3-BF4B-00C04F79EFBC}") = "Kiosk.UI", "Kiosk.UI\Kiosk.UI.csproj", "{3646F9A4-1018-4D9D-9F0A-CCE708C78AAC}"
EndProject
Project("{FAE04EC0-301F-11D3-BF4B-00C04F79EFBC}") = "Kiosk.Core", "Kiosk.Core\Kiosk.Core.csproj", "{0B6CA9D8-40E4-428A-B2E8-B8F643F8DD08}"
EndProject
Project("{FAE04EC0-301F-11D3-BF4B-00C04F79EFBC}") = "Kiosk.Data", "Kiosk.Data\Kiosk.Data.csproj", "{A45A0F4D-8DCA-40B1-9F95-68709A8A256E}"
EndProject
Global
	GlobalSection(SolutionConfigurationPlatforms) = preSolution
		Debug|Any CPU = Debug|Any CPU
		Release|Any CPU = Release|Any CPU
	EndGlobalSection
	GlobalSection(ProjectConfigurationPlatforms) = postSolution
		{3646F9A4-1018-4D9D-9F0A-CCE708C78AAC}.Debug|Any CPU.ActiveCfg = Debug|Any CPU
		{3646F9A4-1018-4D9D-9F0A-CCE708C78AAC}.Debug|Any CPU.Build.0 = Debug|Any CPU
		{3646F9A4-1018-4D9D-9F0A-CCE708C78AAC}.Release|Any CPU.ActiveCfg = Release|Any CPU
		{3646F9A4-1018-4D9D-9F0A-CCE708C78AAC}.Release|Any CPU.Build.0 = Release|Any CPU
		{0B6CA9D8-40E4-428A-B2E8-B8F643F8DD08}.Debug|Any CPU.ActiveCfg = Debug|Any CPU
		{0B6CA9D8-40E4-428A-B2E8-B8F643F8DD08}.Debug|Any CPU.Build.0 = Debug|Any CPU
		{0B6CA9D8-40E4-428A-B2E8-B8F643F8DD08}.Release|Any CPU.ActiveCfg = Release|Any CPU
		{0B6CA9D8-40E4-428A-B2E8-B8F643F8DD08}.Release|Any CPU.Build.0 = Release|Any CPU
		{A45A0F4D-8DCA-40B1-9F95-68709A8A256E}.Debug|Any CPU.ActiveCfg = Debug|Any CPU
		{A45A0F4D-8DCA-40B1-9F95-68709A8A256E}.Debug|Any CPU.Build.0 = Debug|Any CPU
		{A45A0F4D-8DCA-40B1-9F95-68709A8A256E}.Release|Any CPU.ActiveCfg = Release|Any CPU
		{A45A0F4D-8DCA-40B1-9F95-68709A8A256E}.Release|Any CPU.Build.0 = Release|Any CPU
	EndGlobalSection
	GlobalSection(SolutionProperties) = preSolution
		HideSolutionNode = FALSE
	EndGlobalSection
	GlobalSection(ExtensibilityGlobals) = postSolution
		SolutionGuid = {7500EAFC-392A-493D-8D14-EA7420B07FF9}
	EndGlobalSection
EndGlobal
